
Microsoft Visual Studio Solution File, Format Version 12.00
# Visual Studio Version 17
VisualStudioVersion = 17.3.32825.248
MinimumVisualStudioVersion = 10.0.40219.1
Project("{9A19103F-16F7-4668-BE54-9A1E7A4F7556}") = "message.services", "message.services\message.services.csproj", "{71FE3ED0-522E-47AC-98E4-8379B8EE8C01}"
EndProject
Project("{9A19103F-16F7-4668-BE54-9A1E7A4F7556}") = "chat.shared", "chat.shared\chat.shared.csproj", "{FC037432-9D15-4F9E-8E81-46BEBDDDFA8E}"
EndProject
Project("{9A19103F-16F7-4668-BE54-9A1E7A4F7556}") = "message.api", "message.api\message.api.csproj", "{269ACAF5-AC45-4588-947E-3DC1FB24B680}"
EndProject
Project("{9A19103F-16F7-4668-BE54-9A1E7A4F7556}") = "message.models", "message.models\message.models.csproj", "{BD008D5E-4A0D-4C2B-8110-DC4A3AD97CC3}"
EndProject
Project("{9A19103F-16F7-4668-BE54-9A1E7A4F7556}") = "message.handlers", "message.handlers\message.handlers.csproj", "{07EB40F5-4F75-4C57-9724-F261B142D448}"
EndProject
Project("{9A19103F-16F7-4668-BE54-9A1E7A4F7556}") = "message.utils", "message.utils\message.utils.csproj", "{AD8A8F61-56B3-4990-AF05-F5D414577720}"
EndProject
Project("{9A19103F-16F7-4668-BE54-9A1E7A4F7556}") = "message.profile", "message.profile\message.profile.csproj", "{3C69521C-B11B-4633-A800-C4DDB2ECBDDF}"
EndProject
Project("{2150E333-8FDC-42A3-9474-1A3956D46DE8}") = "Deployment", "Deployment", "{0142BCAC-A902-46BA-AA32-18C65A60ABD8}"
	ProjectSection(SolutionItems) = preProject
		messages.yml = messages.yml
	EndProjectSection
EndProject
Project("{9A19103F-16F7-4668-BE54-9A1E7A4F7556}") = "message.dto", "message.dto\message.dto.csproj", "{7E4201A5-5BC3-4975-9B9E-0A06703BA1B0}"
EndProject
Global
	GlobalSection(SolutionConfigurationPlatforms) = preSolution
		Debug|Any CPU = Debug|Any CPU
		Release|Any CPU = Release|Any CPU
	EndGlobalSection
	GlobalSection(ProjectConfigurationPlatforms) = postSolution
		{71FE3ED0-522E-47AC-98E4-8379B8EE8C01}.Debug|Any CPU.ActiveCfg = Debug|Any CPU
		{71FE3ED0-522E-47AC-98E4-8379B8EE8C01}.Debug|Any CPU.Build.0 = Debug|Any CPU
		{71FE3ED0-522E-47AC-98E4-8379B8EE8C01}.Release|Any CPU.ActiveCfg = Release|Any CPU
		{71FE3ED0-522E-47AC-98E4-8379B8EE8C01}.Release|Any CPU.Build.0 = Release|Any CPU
		{FC037432-9D15-4F9E-8E81-46BEBDDDFA8E}.Debug|Any CPU.ActiveCfg = Debug|Any CPU
		{FC037432-9D15-4F9E-8E81-46BEBDDDFA8E}.Debug|Any CPU.Build.0 = Debug|Any CPU
		{FC037432-9D15-4F9E-8E81-46BEBDDDFA8E}.Release|Any CPU.ActiveCfg = Release|Any CPU
		{FC037432-9D15-4F9E-8E81-46BEBDDDFA8E}.Release|Any CPU.Build.0 = Release|Any CPU
		{269ACAF5-AC45-4588-947E-3DC1FB24B680}.Debug|Any CPU.ActiveCfg = Debug|Any CPU
		{269ACAF5-AC45-4588-947E-3DC1FB24B680}.Debug|Any CPU.Build.0 = Debug|Any CPU
		{269ACAF5-AC45-4588-947E-3DC1FB24B680}.Release|Any CPU.ActiveCfg = Release|Any CPU
		{269ACAF5-AC45-4588-947E-3DC1FB24B680}.Release|Any CPU.Build.0 = Release|Any CPU
		{BD008D5E-4A0D-4C2B-8110-DC4A3AD97CC3}.Debug|Any CPU.ActiveCfg = Debug|Any CPU
		{BD008D5E-4A0D-4C2B-8110-DC4A3AD97CC3}.Debug|Any CPU.Build.0 = Debug|Any CPU
		{BD008D5E-4A0D-4C2B-8110-DC4A3AD97CC3}.Release|Any CPU.ActiveCfg = Release|Any CPU
		{BD008D5E-4A0D-4C2B-8110-DC4A3AD97CC3}.Release|Any CPU.Build.0 = Release|Any CPU
		{07EB40F5-4F75-4C57-9724-F261B142D448}.Debug|Any CPU.ActiveCfg = Debug|Any CPU
		{07EB40F5-4F75-4C57-9724-F261B142D448}.Debug|Any CPU.Build.0 = Debug|Any CPU
		{07EB40F5-4F75-4C57-9724-F261B142D448}.Release|Any CPU.ActiveCfg = Release|Any CPU
		{07EB40F5-4F75-4C57-9724-F261B142D448}.Release|Any CPU.Build.0 = Release|Any CPU
		{AD8A8F61-56B3-4990-AF05-F5D414577720}.Debug|Any CPU.ActiveCfg = Debug|Any CPU
		{AD8A8F61-56B3-4990-AF05-F5D414577720}.Debug|Any CPU.Build.0 = Debug|Any CPU
		{AD8A8F61-56B3-4990-AF05-F5D414577720}.Release|Any CPU.ActiveCfg = Release|Any CPU
		{AD8A8F61-56B3-4990-AF05-F5D414577720}.Release|Any CPU.Build.0 = Release|Any CPU
		{3C69521C-B11B-4633-A800-C4DDB2ECBDDF}.Debug|Any CPU.ActiveCfg = Debug|Any CPU
		{3C69521C-B11B-4633-A800-C4DDB2ECBDDF}.Debug|Any CPU.Build.0 = Debug|Any CPU
		{3C69521C-B11B-4633-A800-C4DDB2ECBDDF}.Release|Any CPU.ActiveCfg = Release|Any CPU
		{3C69521C-B11B-4633-A800-C4DDB2ECBDDF}.Release|Any CPU.Build.0 = Release|Any CPU
		{7E4201A5-5BC3-4975-9B9E-0A06703BA1B0}.Debug|Any CPU.ActiveCfg = Debug|Any CPU
		{7E4201A5-5BC3-4975-9B9E-0A06703BA1B0}.Debug|Any CPU.Build.0 = Debug|Any CPU
		{7E4201A5-5BC3-4975-9B9E-0A06703BA1B0}.Release|Any CPU.ActiveCfg = Release|Any CPU
		{7E4201A5-5BC3-4975-9B9E-0A06703BA1B0}.Release|Any CPU.Build.0 = Release|Any CPU
	EndGlobalSection
	GlobalSection(SolutionProperties) = preSolution
		HideSolutionNode = FALSE
	EndGlobalSection
	GlobalSection(ExtensibilityGlobals) = postSolution
		SolutionGuid = {A5909B0E-9F93-4E1B-AABB-B9B0C10BB728}
	EndGlobalSection
EndGlobal
